
Microsoft Visual Studio Solution File, Format Version 12.00
# Visual Studio Version 17
VisualStudioVersion = 17.13.35919.96 d17.13
MinimumVisualStudioVersion = 10.0.40219.1
Project("{FAE04EC0-301F-11D3-BF4B-00C04F79EFBC}") = "App Restrict Test 2", "App Restrict Test 2.csproj", "{D915798E-1D87-4F5F-8513-AB9AFAA634F7}"
EndProject
Global
	GlobalSection(SolutionConfigurationPlatforms) = preSolution
		Debug|Any CPU = Debug|Any CPU
		Release|Any CPU = Release|Any CPU
	EndGlobalSection
	GlobalSection(ProjectConfigurationPlatforms) = postSolution
		{D915798E-1D87-4F5F-8513-AB9AFAA634F7}.Debug|Any CPU.ActiveCfg = Debug|Any CPU
		{D915798E-1D87-4F5F-8513-AB9AFAA634F7}.Debug|Any CPU.Build.0 = Debug|Any CPU
		{D915798E-1D87-4F5F-8513-AB9AFAA634F7}.Release|Any CPU.ActiveCfg = Release|Any CPU
		{D915798E-1D87-4F5F-8513-AB9AFAA634F7}.Release|Any CPU.Build.0 = Release|Any CPU
	EndGlobalSection
	GlobalSection(SolutionProperties) = preSolution
		HideSolutionNode = FALSE
	EndGlobalSection
	GlobalSection(ExtensibilityGlobals) = postSolution
		SolutionGuid = {BBCAB03F-C35C-48D9-9698-63BF1B5A4D1B}
	EndGlobalSection
EndGlobal
